// !$*UTF8*$!
{
	archiveVersion = 1;
	classes = {
	};
	objectVersion = 55;
	objects = {

/* Begin PBXBuildFile section */
		3A49E1C428BC87D000F1ECCA /* Picker.storyboard in Resources */ = {isa = PBXBuildFile; fileRef = 3A49E1C328BC87D000F1ECCA /* Picker.storyboard */; };
		3A49E1C728BC9CA500F1ECCA /* PickerViewController.m in Sources */ = {isa = PBXBuildFile; fileRef = 3A49E1C628BC9CA500F1ECCA /* PickerViewController.m */; };
		3A49E1CC28BCA8B500F1ECCA /* PickerItemView.m in Sources */ = {isa = PBXBuildFile; fileRef = 3A49E1CB28BCA8B500F1ECCA /* PickerItemView.m */; };
		3A49E1D028BCB1AE00F1ECCA /* PickerItem.xib in Resources */ = {isa = PBXBuildFile; fileRef = 3A49E1CF28BCB1AE00F1ECCA /* PickerItem.xib */; };
		3A90B52D289D01A80048F7AE /* ListLoader.m in Sources */ = {isa = PBXBuildFile; fileRef = 3A90B52C289D01A80048F7AE /* ListLoader.m */; };
		3AA4437B28A1FB5F0058A067 /* Mediator.m in Sources */ = {isa = PBXBuildFile; fileRef = 3AA4437A28A1FB5F0058A067 /* Mediator.m */; };
		3AA4439128A23FE40058A067 /* Location.m in Sources */ = {isa = PBXBuildFile; fileRef = 3AA4439028A23FE40058A067 /* Location.m */; };
		3AA4439528A251DE0058A067 /* Notification.m in Sources */ = {isa = PBXBuildFile; fileRef = 3AA4439428A251DE0058A067 /* Notification.m */; };
		3AA4439828A348690058A067 /* SearchBar.m in Sources */ = {isa = PBXBuildFile; fileRef = 3AA4439728A348690058A067 /* SearchBar.m */; };
		3AAD387028977C62006D3478 /* AppDelegate.m in Sources */ = {isa = PBXBuildFile; fileRef = 3AAD386F28977C62006D3478 /* AppDelegate.m */; };
		3AAD387328977C62006D3478 /* SceneDelegate.m in Sources */ = {isa = PBXBuildFile; fileRef = 3AAD387228977C62006D3478 /* SceneDelegate.m */; };
		3AAD387628977C62006D3478 /* ViewController.m in Sources */ = {isa = PBXBuildFile; fileRef = 3AAD387528977C62006D3478 /* ViewController.m */; };
		3AAD387B28977C64006D3478 /* Assets.xcassets in Resources */ = {isa = PBXBuildFile; fileRef = 3AAD387A28977C64006D3478 /* Assets.xcassets */; };
		3AAD387E28977C64006D3478 /* LaunchScreen.storyboard in Resources */ = {isa = PBXBuildFile; fileRef = 3AAD387C28977C64006D3478 /* LaunchScreen.storyboard */; };
		3AAD388128977C64006D3478 /* main.m in Sources */ = {isa = PBXBuildFile; fileRef = 3AAD388028977C64006D3478 /* main.m */; };
		3AAD388B28977C64006D3478 /* SampleAppTests.m in Sources */ = {isa = PBXBuildFile; fileRef = 3AAD388A28977C64006D3478 /* SampleAppTests.m */; };
		3AAD389528977C64006D3478 /* SampleAppUITests.m in Sources */ = {isa = PBXBuildFile; fileRef = 3AAD389428977C64006D3478 /* SampleAppUITests.m */; };
		3AAD389728977C64006D3478 /* SampleAppUITestsLaunchTests.m in Sources */ = {isa = PBXBuildFile; fileRef = 3AAD389628977C64006D3478 /* SampleAppUITestsLaunchTests.m */; };
		3AAD38A52897C7AF006D3478 /* Main.storyboard in Resources */ = {isa = PBXBuildFile; fileRef = 3AAD38A32897C7AF006D3478 /* Main.storyboard */; };
		3AAD38A82897D706006D3478 /* NewsViewController.m in Sources */ = {isa = PBXBuildFile; fileRef = 3AAD38A72897D706006D3478 /* NewsViewController.m */; };
		3AAD38AA2898B8F6006D3478 /* icon.bundle in Resources */ = {isa = PBXBuildFile; fileRef = 3AAD38A92898B8F5006D3478 /* icon.bundle */; };
		3AAD38AD2898CA53006D3478 /* VideoViewController.m in Sources */ = {isa = PBXBuildFile; fileRef = 3AAD38AC2898CA53006D3478 /* VideoViewController.m */; };
		3AAD38B02898CB19006D3478 /* RecommendViewController.m in Sources */ = {isa = PBXBuildFile; fileRef = 3AAD38AF2898CB19006D3478 /* RecommendViewController.m */; };
		3AAD38B32898CBC3006D3478 /* MineViewController.m in Sources */ = {isa = PBXBuildFile; fileRef = 3AAD38B22898CBC3006D3478 /* MineViewController.m */; };
		3AAD38B6289917AA006D3478 /* NormalTableViewCell.m in Sources */ = {isa = PBXBuildFile; fileRef = 3AAD38B5289917AA006D3478 /* NormalTableViewCell.m */; };
		3AAD38BB289A0ED4006D3478 /* SliderViewController.m in Sources */ = {isa = PBXBuildFile; fileRef = 3AAD38BA289A0ED4006D3478 /* SliderViewController.m */; };
		3ABBE28A28A0B0D3003BDC00 /* VideoToolbar.m in Sources */ = {isa = PBXBuildFile; fileRef = 3ABBE28928A0B0D3003BDC00 /* VideoToolbar.m */; };
		3ABBE28D28A0E10E003BDC00 /* ScreenAdapter.m in Sources */ = {isa = PBXBuildFile; fileRef = 3ABBE28C28A0E10E003BDC00 /* ScreenAdapter.m */; };
		3ABBE29128A10140003BDC00 /* SplashView.m in Sources */ = {isa = PBXBuildFile; fileRef = 3ABBE29028A10140003BDC00 /* SplashView.m */; };
		3AD6209828B3826F00437A40 /* GroupHeaderView.m in Sources */ = {isa = PBXBuildFile; fileRef = 3AD6209728B3826F00437A40 /* GroupHeaderView.m */; };
		3AFFD5E528B3619300A4661A /* Table.storyboard in Resources */ = {isa = PBXBuildFile; fileRef = 3AFFD5E428B3619300A4661A /* Table.storyboard */; };
		3AFFD5E828B36CC500A4661A /* TableView04Controller.m in Sources */ = {isa = PBXBuildFile; fileRef = 3AFFD5E728B36CC500A4661A /* TableView04Controller.m */; };
		3AFFD5EB28B36E6F00A4661A /* ItemCellView.m in Sources */ = {isa = PBXBuildFile; fileRef = 3AFFD5EA28B36E6F00A4661A /* ItemCellView.m */; };
		71476C8F28AFF1380054573C /* ImageZoomController.m in Sources */ = {isa = PBXBuildFile; fileRef = 71476C8E28AFF1380054573C /* ImageZoomController.m */; };
		71476C9428B0E28D0054573C /* TableView01Controller.m in Sources */ = {isa = PBXBuildFile; fileRef = 71476C9328B0E28D0054573C /* TableView01Controller.m */; };
		71476C9628B12B650054573C /* mockdata.plist in Resources */ = {isa = PBXBuildFile; fileRef = 71476C9528B12B650054573C /* mockdata.plist */; };
		71476C9A28B12C470054573C /* DataModel.m in Sources */ = {isa = PBXBuildFile; fileRef = 71476C9928B12C470054573C /* DataModel.m */; };
		71476C9D28B12E380054573C /* TableView02Controller.m in Sources */ = {isa = PBXBuildFile; fileRef = 71476C9C28B12E380054573C /* TableView02Controller.m */; };
		71476C9F28B13A450054573C /* DataItemCell.xib in Resources */ = {isa = PBXBuildFile; fileRef = 71476C9E28B13A450054573C /* DataItemCell.xib */; };
		71476CA228B13C290054573C /* DataItemCell.m in Sources */ = {isa = PBXBuildFile; fileRef = 71476CA128B13C290054573C /* DataItemCell.m */; };
		7175311028B252A300E0C3DA /* SAMessage.m in Sources */ = {isa = PBXBuildFile; fileRef = 7175310F28B252A300E0C3DA /* SAMessage.m */; };
		7175311328B2544300E0C3DA /* SAMessageFrame.m in Sources */ = {isa = PBXBuildFile; fileRef = 7175311228B2544300E0C3DA /* SAMessageFrame.m */; };
		7175311628B2668E00E0C3DA /* TableView03Controller.m in Sources */ = {isa = PBXBuildFile; fileRef = 7175311528B2668E00E0C3DA /* TableView03Controller.m */; };
		7175311A28B26E7E00E0C3DA /* messages.plist in Resources */ = {isa = PBXBuildFile; fileRef = 7175311928B26E7E00E0C3DA /* messages.plist */; };
		71786D1F289D82F8005C13EC /* ListItem.m in Sources */ = {isa = PBXBuildFile; fileRef = 71786D1E289D82F8005C13EC /* ListItem.m */; };
		71786D22289EB76A005C13EC /* VideoCoverViewCell.m in Sources */ = {isa = PBXBuildFile; fileRef = 71786D21289EB76A005C13EC /* VideoCoverViewCell.m */; };
		71786D25289FBC08005C13EC /* VideoPlayer.m in Sources */ = {isa = PBXBuildFile; fileRef = 71786D24289FBC08005C13EC /* VideoPlayer.m */; };
		71BE07AE28B28DC400C41330 /* MessageCell.m in Sources */ = {isa = PBXBuildFile; fileRef = 71BE07AD28B28DC400C41330 /* MessageCell.m */; };
		71BE07B128B2951A00C41330 /* NSString+TextSize.m in Sources */ = {isa = PBXBuildFile; fileRef = 71BE07B028B2951A00C41330 /* NSString+TextSize.m */; };
		71BE07B328B7C6E100C41330 /* AutoLayout.storyboard in Resources */ = {isa = PBXBuildFile; fileRef = 71BE07B228B7C6E100C41330 /* AutoLayout.storyboard */; };
		71C74C8E28B14CD000A047EA /* TableFooterView.xib in Resources */ = {isa = PBXBuildFile; fileRef = 71C74C8D28B14CD000A047EA /* TableFooterView.xib */; };
		71C74C9128B1522500A047EA /* TableFooterView.m in Sources */ = {isa = PBXBuildFile; fileRef = 71C74C9028B1522500A047EA /* TableFooterView.m */; };
		71D2E610289BFF7600A34394 /* DetailViewController.m in Sources */ = {isa = PBXBuildFile; fileRef = 71D2E60F289BFF7600A34394 /* DetailViewController.m */; };
		71D2E613289C206100A34394 /* DialogCellView.m in Sources */ = {isa = PBXBuildFile; fileRef = 71D2E612289C206100A34394 /* DialogCellView.m */; };
		71D73E2B28A55C4B004C8D30 /* CommentManager.m in Sources */ = {isa = PBXBuildFile; fileRef = 71D73E2A28A55C4B004C8D30 /* CommentManager.m */; };
		DE7F4C2793B770DECD9687B9 /* libPods-SampleApp.a in Frameworks */ = {isa = PBXBuildFile; fileRef = 965D0AA0EA2E2A5DFC3AB933 /* libPods-SampleApp.a */; };
/* End PBXBuildFile section */

/* Begin PBXContainerItemProxy section */
		3AAD388728977C64006D3478 /* PBXContainerItemProxy */ = {
			isa = PBXContainerItemProxy;
			containerPortal = 3AAD386328977C62006D3478 /* Project object */;
			proxyType = 1;
			remoteGlobalIDString = 3AAD386A28977C62006D3478;
			remoteInfo = SampleApp;
		};
		3AAD389128977C64006D3478 /* PBXContainerItemProxy */ = {
			isa = PBXContainerItemProxy;
			containerPortal = 3AAD386328977C62006D3478 /* Project object */;
			proxyType = 1;
			remoteGlobalIDString = 3AAD386A28977C62006D3478;
			remoteInfo = SampleApp;
		};
/* End PBXContainerItemProxy section */

/* Begin PBXFileReference section */
		123D9E3C5A74594B2F40981D /* Pods-SampleApp.release.xcconfig */ = {isa = PBXFileReference; includeInIndex = 1; lastKnownFileType = text.xcconfig; name = "Pods-SampleApp.release.xcconfig"; path = "Target Support Files/Pods-SampleApp/Pods-SampleApp.release.xcconfig"; sourceTree = "<group>"; };
		3A49E1C328BC87D000F1ECCA /* Picker.storyboard */ = {isa = PBXFileReference; lastKnownFileType = file.storyboard; path = Picker.storyboard; sourceTree = "<group>"; };
		3A49E1C528BC9CA500F1ECCA /* PickerViewController.h */ = {isa = PBXFileReference; lastKnownFileType = sourcecode.c.h; path = PickerViewController.h; sourceTree = "<group>"; };
		3A49E1C628BC9CA500F1ECCA /* PickerViewController.m */ = {isa = PBXFileReference; lastKnownFileType = sourcecode.c.objc; path = PickerViewController.m; sourceTree = "<group>"; };
		3A49E1CA28BCA8B500F1ECCA /* PickerItemView.h */ = {isa = PBXFileReference; lastKnownFileType = sourcecode.c.h; path = PickerItemView.h; sourceTree = "<group>"; };
		3A49E1CB28BCA8B500F1ECCA /* PickerItemView.m */ = {isa = PBXFileReference; lastKnownFileType = sourcecode.c.objc; path = PickerItemView.m; sourceTree = "<group>"; };
		3A49E1CF28BCB1AE00F1ECCA /* PickerItem.xib */ = {isa = PBXFileReference; lastKnownFileType = file.xib; path = PickerItem.xib; sourceTree = "<group>"; };
		3A90B52B289D01A80048F7AE /* ListLoader.h */ = {isa = PBXFileReference; lastKnownFileType = sourcecode.c.h; path = ListLoader.h; sourceTree = "<group>"; };
		3A90B52C289D01A80048F7AE /* ListLoader.m */ = {isa = PBXFileReference; lastKnownFileType = sourcecode.c.objc; path = ListLoader.m; sourceTree = "<group>"; };
		3AA4437928A1FB5F0058A067 /* Mediator.h */ = {isa = PBXFileReference; lastKnownFileType = sourcecode.c.h; path = Mediator.h; sourceTree = "<group>"; };
		3AA4437A28A1FB5F0058A067 /* Mediator.m */ = {isa = PBXFileReference; lastKnownFileType = sourcecode.c.objc; path = Mediator.m; sourceTree = "<group>"; };
		3AA4438F28A23FE40058A067 /* Location.h */ = {isa = PBXFileReference; lastKnownFileType = sourcecode.c.h; path = Location.h; sourceTree = "<group>"; };
		3AA4439028A23FE40058A067 /* Location.m */ = {isa = PBXFileReference; lastKnownFileType = sourcecode.c.objc; path = Location.m; sourceTree = "<group>"; };
		3AA4439328A251DE0058A067 /* Notification.h */ = {isa = PBXFileReference; lastKnownFileType = sourcecode.c.h; path = Notification.h; sourceTree = "<group>"; };
		3AA4439428A251DE0058A067 /* Notification.m */ = {isa = PBXFileReference; lastKnownFileType = sourcecode.c.objc; path = Notification.m; sourceTree = "<group>"; };
		3AA4439628A348690058A067 /* SearchBar.h */ = {isa = PBXFileReference; lastKnownFileType = sourcecode.c.h; path = SearchBar.h; sourceTree = "<group>"; };
		3AA4439728A348690058A067 /* SearchBar.m */ = {isa = PBXFileReference; lastKnownFileType = sourcecode.c.objc; path = SearchBar.m; sourceTree = "<group>"; };
		3AAD386B28977C62006D3478 /* SampleApp.app */ = {isa = PBXFileReference; explicitFileType = wrapper.application; includeInIndex = 0; path = SampleApp.app; sourceTree = BUILT_PRODUCTS_DIR; };
		3AAD386E28977C62006D3478 /* AppDelegate.h */ = {isa = PBXFileReference; lastKnownFileType = sourcecode.c.h; path = AppDelegate.h; sourceTree = "<group>"; };
		3AAD386F28977C62006D3478 /* AppDelegate.m */ = {isa = PBXFileReference; lastKnownFileType = sourcecode.c.objc; path = AppDelegate.m; sourceTree = "<group>"; };
		3AAD387128977C62006D3478 /* SceneDelegate.h */ = {isa = PBXFileReference; lastKnownFileType = sourcecode.c.h; path = SceneDelegate.h; sourceTree = "<group>"; };
		3AAD387228977C62006D3478 /* SceneDelegate.m */ = {isa = PBXFileReference; lastKnownFileType = sourcecode.c.objc; path = SceneDelegate.m; sourceTree = "<group>"; };
		3AAD387428977C62006D3478 /* ViewController.h */ = {isa = PBXFileReference; lastKnownFileType = sourcecode.c.h; path = ViewController.h; sourceTree = "<group>"; };
		3AAD387528977C62006D3478 /* ViewController.m */ = {isa = PBXFileReference; lastKnownFileType = sourcecode.c.objc; path = ViewController.m; sourceTree = "<group>"; };
		3AAD387A28977C64006D3478 /* Assets.xcassets */ = {isa = PBXFileReference; lastKnownFileType = folder.assetcatalog; path = Assets.xcassets; sourceTree = "<group>"; };
		3AAD387D28977C64006D3478 /* Base */ = {isa = PBXFileReference; lastKnownFileType = file.storyboard; name = Base; path = Base.lproj/LaunchScreen.storyboard; sourceTree = "<group>"; };
		3AAD387F28977C64006D3478 /* Info.plist */ = {isa = PBXFileReference; lastKnownFileType = text.plist.xml; path = Info.plist; sourceTree = "<group>"; };
		3AAD388028977C64006D3478 /* main.m */ = {isa = PBXFileReference; lastKnownFileType = sourcecode.c.objc; path = main.m; sourceTree = "<group>"; };
		3AAD388628977C64006D3478 /* SampleAppTests.xctest */ = {isa = PBXFileReference; explicitFileType = wrapper.cfbundle; includeInIndex = 0; path = SampleAppTests.xctest; sourceTree = BUILT_PRODUCTS_DIR; };
		3AAD388A28977C64006D3478 /* SampleAppTests.m */ = {isa = PBXFileReference; lastKnownFileType = sourcecode.c.objc; path = SampleAppTests.m; sourceTree = "<group>"; };
		3AAD389028977C64006D3478 /* SampleAppUITests.xctest */ = {isa = PBXFileReference; explicitFileType = wrapper.cfbundle; includeInIndex = 0; path = SampleAppUITests.xctest; sourceTree = BUILT_PRODUCTS_DIR; };
		3AAD389428977C64006D3478 /* SampleAppUITests.m */ = {isa = PBXFileReference; lastKnownFileType = sourcecode.c.objc; path = SampleAppUITests.m; sourceTree = "<group>"; };
		3AAD389628977C64006D3478 /* SampleAppUITestsLaunchTests.m */ = {isa = PBXFileReference; lastKnownFileType = sourcecode.c.objc; path = SampleAppUITestsLaunchTests.m; sourceTree = "<group>"; };
		3AAD38A42897C7AF006D3478 /* Base */ = {isa = PBXFileReference; lastKnownFileType = file.storyboard; name = Base; path = SampleApp/Base.lproj/Main.storyboard; sourceTree = "<group>"; };
		3AAD38A62897D706006D3478 /* NewsViewController.h */ = {isa = PBXFileReference; lastKnownFileType = sourcecode.c.h; path = NewsViewController.h; sourceTree = "<group>"; };
		3AAD38A72897D706006D3478 /* NewsViewController.m */ = {isa = PBXFileReference; lastKnownFileType = sourcecode.c.objc; path = NewsViewController.m; sourceTree = "<group>"; };
		3AAD38A92898B8F5006D3478 /* icon.bundle */ = {isa = PBXFileReference; lastKnownFileType = "wrapper.plug-in"; path = icon.bundle; sourceTree = "<group>"; };
		3AAD38AB2898CA53006D3478 /* VideoViewController.h */ = {isa = PBXFileReference; lastKnownFileType = sourcecode.c.h; path = VideoViewController.h; sourceTree = "<group>"; };
		3AAD38AC2898CA53006D3478 /* VideoViewController.m */ = {isa = PBXFileReference; lastKnownFileType = sourcecode.c.objc; path = VideoViewController.m; sourceTree = "<group>"; };
		3AAD38AE2898CB19006D3478 /* RecommendViewController.h */ = {isa = PBXFileReference; lastKnownFileType = sourcecode.c.h; path = RecommendViewController.h; sourceTree = "<group>"; };
		3AAD38AF2898CB19006D3478 /* RecommendViewController.m */ = {isa = PBXFileReference; lastKnownFileType = sourcecode.c.objc; path = RecommendViewController.m; sourceTree = "<group>"; };
		3AAD38B12898CBC3006D3478 /* MineViewController.h */ = {isa = PBXFileReference; lastKnownFileType = sourcecode.c.h; path = MineViewController.h; sourceTree = "<group>"; };
		3AAD38B22898CBC3006D3478 /* MineViewController.m */ = {isa = PBXFileReference; lastKnownFileType = sourcecode.c.objc; path = MineViewController.m; sourceTree = "<group>"; };
		3AAD38B4289917AA006D3478 /* NormalTableViewCell.h */ = {isa = PBXFileReference; lastKnownFileType = sourcecode.c.h; path = NormalTableViewCell.h; sourceTree = "<group>"; };
		3AAD38B5289917AA006D3478 /* NormalTableViewCell.m */ = {isa = PBXFileReference; lastKnownFileType = sourcecode.c.objc; path = NormalTableViewCell.m; sourceTree = "<group>"; };
		3AAD38B9289A0ED4006D3478 /* SliderViewController.h */ = {isa = PBXFileReference; lastKnownFileType = sourcecode.c.h; path = SliderViewController.h; sourceTree = "<group>"; };
		3AAD38BA289A0ED4006D3478 /* SliderViewController.m */ = {isa = PBXFileReference; lastKnownFileType = sourcecode.c.objc; path = SliderViewController.m; sourceTree = "<group>"; };
		3ABBE28828A0B0D3003BDC00 /* VideoToolbar.h */ = {isa = PBXFileReference; lastKnownFileType = sourcecode.c.h; path = VideoToolbar.h; sourceTree = "<group>"; };
		3ABBE28928A0B0D3003BDC00 /* VideoToolbar.m */ = {isa = PBXFileReference; lastKnownFileType = sourcecode.c.objc; path = VideoToolbar.m; sourceTree = "<group>"; };
		3ABBE28B28A0E10E003BDC00 /* ScreenAdapter.h */ = {isa = PBXFileReference; lastKnownFileType = sourcecode.c.h; path = ScreenAdapter.h; sourceTree = "<group>"; };
		3ABBE28C28A0E10E003BDC00 /* ScreenAdapter.m */ = {isa = PBXFileReference; lastKnownFileType = sourcecode.c.objc; path = ScreenAdapter.m; sourceTree = "<group>"; };
		3ABBE28F28A10140003BDC00 /* SplashView.h */ = {isa = PBXFileReference; lastKnownFileType = sourcecode.c.h; path = SplashView.h; sourceTree = "<group>"; };
		3ABBE29028A10140003BDC00 /* SplashView.m */ = {isa = PBXFileReference; lastKnownFileType = sourcecode.c.objc; path = SplashView.m; sourceTree = "<group>"; };
		3AD6209628B3826F00437A40 /* GroupHeaderView.h */ = {isa = PBXFileReference; lastKnownFileType = sourcecode.c.h; path = GroupHeaderView.h; sourceTree = "<group>"; };
		3AD6209728B3826F00437A40 /* GroupHeaderView.m */ = {isa = PBXFileReference; lastKnownFileType = sourcecode.c.objc; path = GroupHeaderView.m; sourceTree = "<group>"; };
		3AFFD5E428B3619300A4661A /* Table.storyboard */ = {isa = PBXFileReference; lastKnownFileType = file.storyboard; path = Table.storyboard; sourceTree = "<group>"; };
		3AFFD5E628B36CC500A4661A /* TableView04Controller.h */ = {isa = PBXFileReference; lastKnownFileType = sourcecode.c.h; path = TableView04Controller.h; sourceTree = "<group>"; };
		3AFFD5E728B36CC500A4661A /* TableView04Controller.m */ = {isa = PBXFileReference; lastKnownFileType = sourcecode.c.objc; path = TableView04Controller.m; sourceTree = "<group>"; };
		3AFFD5E928B36E6F00A4661A /* ItemCellView.h */ = {isa = PBXFileReference; lastKnownFileType = sourcecode.c.h; path = ItemCellView.h; sourceTree = "<group>"; };
		3AFFD5EA28B36E6F00A4661A /* ItemCellView.m */ = {isa = PBXFileReference; lastKnownFileType = sourcecode.c.objc; path = ItemCellView.m; sourceTree = "<group>"; };
		71476C8D28AFF1380054573C /* ImageZoomController.h */ = {isa = PBXFileReference; lastKnownFileType = sourcecode.c.h; path = ImageZoomController.h; sourceTree = "<group>"; };
		71476C8E28AFF1380054573C /* ImageZoomController.m */ = {isa = PBXFileReference; lastKnownFileType = sourcecode.c.objc; path = ImageZoomController.m; sourceTree = "<group>"; };
		71476C9228B0E28D0054573C /* TableView01Controller.h */ = {isa = PBXFileReference; lastKnownFileType = sourcecode.c.h; path = TableView01Controller.h; sourceTree = "<group>"; };
		71476C9328B0E28D0054573C /* TableView01Controller.m */ = {isa = PBXFileReference; lastKnownFileType = sourcecode.c.objc; path = TableView01Controller.m; sourceTree = "<group>"; };
		71476C9528B12B650054573C /* mockdata.plist */ = {isa = PBXFileReference; fileEncoding = 4; lastKnownFileType = text.plist.xml; path = mockdata.plist; sourceTree = "<group>"; };
		71476C9828B12C470054573C /* DataModel.h */ = {isa = PBXFileReference; lastKnownFileType = sourcecode.c.h; path = DataModel.h; sourceTree = "<group>"; };
		71476C9928B12C470054573C /* DataModel.m */ = {isa = PBXFileReference; lastKnownFileType = sourcecode.c.objc; path = DataModel.m; sourceTree = "<group>"; };
		71476C9B28B12E380054573C /* TableView02Controller.h */ = {isa = PBXFileReference; lastKnownFileType = sourcecode.c.h; path = TableView02Controller.h; sourceTree = "<group>"; };
		71476C9C28B12E380054573C /* TableView02Controller.m */ = {isa = PBXFileReference; lastKnownFileType = sourcecode.c.objc; path = TableView02Controller.m; sourceTree = "<group>"; };
		71476C9E28B13A450054573C /* DataItemCell.xib */ = {isa = PBXFileReference; lastKnownFileType = file.xib; path = DataItemCell.xib; sourceTree = "<group>"; };
		71476CA028B13C290054573C /* DataItemCell.h */ = {isa = PBXFileReference; lastKnownFileType = sourcecode.c.h; path = DataItemCell.h; sourceTree = "<group>"; };
		71476CA128B13C290054573C /* DataItemCell.m */ = {isa = PBXFileReference; lastKnownFileType = sourcecode.c.objc; path = DataItemCell.m; sourceTree = "<group>"; };
		7175310E28B252A300E0C3DA /* SAMessage.h */ = {isa = PBXFileReference; lastKnownFileType = sourcecode.c.h; path = SAMessage.h; sourceTree = "<group>"; };
		7175310F28B252A300E0C3DA /* SAMessage.m */ = {isa = PBXFileReference; lastKnownFileType = sourcecode.c.objc; path = SAMessage.m; sourceTree = "<group>"; };
		7175311128B2544300E0C3DA /* SAMessageFrame.h */ = {isa = PBXFileReference; lastKnownFileType = sourcecode.c.h; path = SAMessageFrame.h; sourceTree = "<group>"; };
		7175311228B2544300E0C3DA /* SAMessageFrame.m */ = {isa = PBXFileReference; lastKnownFileType = sourcecode.c.objc; path = SAMessageFrame.m; sourceTree = "<group>"; };
		7175311428B2668E00E0C3DA /* TableView03Controller.h */ = {isa = PBXFileReference; lastKnownFileType = sourcecode.c.h; path = TableView03Controller.h; sourceTree = "<group>"; };
		7175311528B2668E00E0C3DA /* TableView03Controller.m */ = {isa = PBXFileReference; lastKnownFileType = sourcecode.c.objc; path = TableView03Controller.m; sourceTree = "<group>"; };
		7175311928B26E7E00E0C3DA /* messages.plist */ = {isa = PBXFileReference; lastKnownFileType = text.plist.xml; path = messages.plist; sourceTree = "<group>"; };
		71786D1D289D82F8005C13EC /* ListItem.h */ = {isa = PBXFileReference; lastKnownFileType = sourcecode.c.h; path = ListItem.h; sourceTree = "<group>"; };
		71786D1E289D82F8005C13EC /* ListItem.m */ = {isa = PBXFileReference; lastKnownFileType = sourcecode.c.objc; path = ListItem.m; sourceTree = "<group>"; };
		71786D20289EB76A005C13EC /* VideoCoverViewCell.h */ = {isa = PBXFileReference; lastKnownFileType = sourcecode.c.h; path = VideoCoverViewCell.h; sourceTree = "<group>"; };
		71786D21289EB76A005C13EC /* VideoCoverViewCell.m */ = {isa = PBXFileReference; lastKnownFileType = sourcecode.c.objc; path = VideoCoverViewCell.m; sourceTree = "<group>"; };
		71786D23289FBC08005C13EC /* VideoPlayer.h */ = {isa = PBXFileReference; lastKnownFileType = sourcecode.c.h; path = VideoPlayer.h; sourceTree = "<group>"; };
		71786D24289FBC08005C13EC /* VideoPlayer.m */ = {isa = PBXFileReference; lastKnownFileType = sourcecode.c.objc; path = VideoPlayer.m; sourceTree = "<group>"; };
		71BE07AC28B28DC400C41330 /* MessageCell.h */ = {isa = PBXFileReference; lastKnownFileType = sourcecode.c.h; path = MessageCell.h; sourceTree = "<group>"; };
		71BE07AD28B28DC400C41330 /* MessageCell.m */ = {isa = PBXFileReference; lastKnownFileType = sourcecode.c.objc; path = MessageCell.m; sourceTree = "<group>"; };
		71BE07AF28B2951A00C41330 /* NSString+TextSize.h */ = {isa = PBXFileReference; lastKnownFileType = sourcecode.c.h; path = "NSString+TextSize.h"; sourceTree = "<group>"; };
		71BE07B028B2951A00C41330 /* NSString+TextSize.m */ = {isa = PBXFileReference; lastKnownFileType = sourcecode.c.objc; path = "NSString+TextSize.m"; sourceTree = "<group>"; };
		71BE07B228B7C6E100C41330 /* AutoLayout.storyboard */ = {isa = PBXFileReference; lastKnownFileType = file.storyboard; path = AutoLayout.storyboard; sourceTree = "<group>"; };
		71C74C8D28B14CD000A047EA /* TableFooterView.xib */ = {isa = PBXFileReference; lastKnownFileType = file.xib; path = TableFooterView.xib; sourceTree = "<group>"; };
		71C74C8F28B1522500A047EA /* TableFooterView.h */ = {isa = PBXFileReference; lastKnownFileType = sourcecode.c.h; path = TableFooterView.h; sourceTree = "<group>"; };
		71C74C9028B1522500A047EA /* TableFooterView.m */ = {isa = PBXFileReference; lastKnownFileType = sourcecode.c.objc; path = TableFooterView.m; sourceTree = "<group>"; };
		71D2E60E289BFF7600A34394 /* DetailViewController.h */ = {isa = PBXFileReference; lastKnownFileType = sourcecode.c.h; path = DetailViewController.h; sourceTree = "<group>"; };
		71D2E60F289BFF7600A34394 /* DetailViewController.m */ = {isa = PBXFileReference; lastKnownFileType = sourcecode.c.objc; path = DetailViewController.m; sourceTree = "<group>"; };
		71D2E611289C206100A34394 /* DialogCellView.h */ = {isa = PBXFileReference; lastKnownFileType = sourcecode.c.h; path = DialogCellView.h; sourceTree = "<group>"; };
		71D2E612289C206100A34394 /* DialogCellView.m */ = {isa = PBXFileReference; lastKnownFileType = sourcecode.c.objc; path = DialogCellView.m; sourceTree = "<group>"; };
		71D73E2928A55C4B004C8D30 /* CommentManager.h */ = {isa = PBXFileReference; lastKnownFileType = sourcecode.c.h; path = CommentManager.h; sourceTree = "<group>"; };
		71D73E2A28A55C4B004C8D30 /* CommentManager.m */ = {isa = PBXFileReference; lastKnownFileType = sourcecode.c.objc; path = CommentManager.m; sourceTree = "<group>"; };
		965D0AA0EA2E2A5DFC3AB933 /* libPods-SampleApp.a */ = {isa = PBXFileReference; explicitFileType = archive.ar; includeInIndex = 0; path = "libPods-SampleApp.a"; sourceTree = BUILT_PRODUCTS_DIR; };
		C35683868B4D8244CAC50C3C /* Pods-SampleApp.debug.xcconfig */ = {isa = PBXFileReference; includeInIndex = 1; lastKnownFileType = text.xcconfig; name = "Pods-SampleApp.debug.xcconfig"; path = "Target Support Files/Pods-SampleApp/Pods-SampleApp.debug.xcconfig"; sourceTree = "<group>"; };
/* End PBXFileReference section */

/* Begin PBXFrameworksBuildPhase section */
		3AAD386828977C62006D3478 /* Frameworks */ = {
			isa = PBXFrameworksBuildPhase;
			buildActionMask = 2147483647;
			files = (
				DE7F4C2793B770DECD9687B9 /* libPods-SampleApp.a in Frameworks */,
			);
			runOnlyForDeploymentPostprocessing = 0;
		};
		3AAD388328977C64006D3478 /* Frameworks */ = {
			isa = PBXFrameworksBuildPhase;
			buildActionMask = 2147483647;
			files = (
			);
			runOnlyForDeploymentPostprocessing = 0;
		};
		3AAD388D28977C64006D3478 /* Frameworks */ = {
			isa = PBXFrameworksBuildPhase;
			buildActionMask = 2147483647;
			files = (
			);
			runOnlyForDeploymentPostprocessing = 0;
		};
/* End PBXFrameworksBuildPhase section */

/* Begin PBXGroup section */
		3A49E1C228BC876400F1ECCA /* Picker */ = {
			isa = PBXGroup;
			children = (
				3A49E1C328BC87D000F1ECCA /* Picker.storyboard */,
				3A49E1C528BC9CA500F1ECCA /* PickerViewController.h */,
				3A49E1C628BC9CA500F1ECCA /* PickerViewController.m */,
				3A49E1CF28BCB1AE00F1ECCA /* PickerItem.xib */,
				3A49E1CA28BCA8B500F1ECCA /* PickerItemView.h */,
				3A49E1CB28BCA8B500F1ECCA /* PickerItemView.m */,
			);
			path = Picker;
			sourceTree = "<group>";
		};
		3A90B525289CFEFC0048F7AE /* News */ = {
			isa = PBXGroup;
			children = (
				3A90B52A289D016C0048F7AE /* Loader */,
				71786D1C289D82D2005C13EC /* Model */,
				71D2E611289C206100A34394 /* DialogCellView.h */,
				71D2E612289C206100A34394 /* DialogCellView.m */,
				3AAD38B4289917AA006D3478 /* NormalTableViewCell.h */,
				3AAD38B5289917AA006D3478 /* NormalTableViewCell.m */,
				3AAD38A62897D706006D3478 /* NewsViewController.h */,
				3AAD38A72897D706006D3478 /* NewsViewController.m */,
				71D2E60E289BFF7600A34394 /* DetailViewController.h */,
				71D2E60F289BFF7600A34394 /* DetailViewController.m */,
				3AA4439628A348690058A067 /* SearchBar.h */,
				3AA4439728A348690058A067 /* SearchBar.m */,
			);
			path = News;
			sourceTree = "<group>";
		};
		3A90B526289CFF420048F7AE /* Video */ = {
			isa = PBXGroup;
			children = (
				3AAD38AB2898CA53006D3478 /* VideoViewController.h */,
				3AAD38AC2898CA53006D3478 /* VideoViewController.m */,
				71786D20289EB76A005C13EC /* VideoCoverViewCell.h */,
				71786D21289EB76A005C13EC /* VideoCoverViewCell.m */,
				71786D23289FBC08005C13EC /* VideoPlayer.h */,
				71786D24289FBC08005C13EC /* VideoPlayer.m */,
				3ABBE28828A0B0D3003BDC00 /* VideoToolbar.h */,
				3ABBE28928A0B0D3003BDC00 /* VideoToolbar.m */,
			);
			path = Video;
			sourceTree = "<group>";
		};
		3A90B527289CFF840048F7AE /* Mine */ = {
			isa = PBXGroup;
			children = (
				3AAD38B12898CBC3006D3478 /* MineViewController.h */,
				3AAD38B22898CBC3006D3478 /* MineViewController.m */,
			);
			path = Mine;
			sourceTree = "<group>";
		};
		3A90B528289CFFA50048F7AE /* Recommend */ = {
			isa = PBXGroup;
			children = (
				3AAD38AE2898CB19006D3478 /* RecommendViewController.h */,
				3AAD38AF2898CB19006D3478 /* RecommendViewController.m */,
			);
			path = Recommend;
			sourceTree = "<group>";
		};
		3A90B529289CFFDA0048F7AE /* OtherView */ = {
			isa = PBXGroup;
			children = (
				3AAD387428977C62006D3478 /* ViewController.h */,
				3AAD387528977C62006D3478 /* ViewController.m */,
				3AAD38B9289A0ED4006D3478 /* SliderViewController.h */,
				3AAD38BA289A0ED4006D3478 /* SliderViewController.m */,
				71476C8D28AFF1380054573C /* ImageZoomController.h */,
				71476C8E28AFF1380054573C /* ImageZoomController.m */,
				71476C9228B0E28D0054573C /* TableView01Controller.h */,
				71476C9328B0E28D0054573C /* TableView01Controller.m */,
				71476C9B28B12E380054573C /* TableView02Controller.h */,
				71476C9C28B12E380054573C /* TableView02Controller.m */,
				71476C9E28B13A450054573C /* DataItemCell.xib */,
				71476CA028B13C290054573C /* DataItemCell.h */,
				71476CA128B13C290054573C /* DataItemCell.m */,
				71C74C8D28B14CD000A047EA /* TableFooterView.xib */,
				71C74C8F28B1522500A047EA /* TableFooterView.h */,
				71C74C9028B1522500A047EA /* TableFooterView.m */,
				7175311428B2668E00E0C3DA /* TableView03Controller.h */,
				7175311528B2668E00E0C3DA /* TableView03Controller.m */,
				71BE07AC28B28DC400C41330 /* MessageCell.h */,
				71BE07AD28B28DC400C41330 /* MessageCell.m */,
				3AFFD5E428B3619300A4661A /* Table.storyboard */,
				3AFFD5E628B36CC500A4661A /* TableView04Controller.h */,
				3AFFD5E728B36CC500A4661A /* TableView04Controller.m */,
				3AFFD5E928B36E6F00A4661A /* ItemCellView.h */,
				3AFFD5EA28B36E6F00A4661A /* ItemCellView.m */,
				3AD6209628B3826F00437A40 /* GroupHeaderView.h */,
				3AD6209728B3826F00437A40 /* GroupHeaderView.m */,
			);
			path = OtherView;
			sourceTree = "<group>";
		};
		3A90B52A289D016C0048F7AE /* Loader */ = {
			isa = PBXGroup;
			children = (
				3A90B52B289D01A80048F7AE /* ListLoader.h */,
				3A90B52C289D01A80048F7AE /* ListLoader.m */,
			);
			path = Loader;
			sourceTree = "<group>";
		};
		3AA4437C28A22A940058A067 /* Frameworks */ = {
			isa = PBXGroup;
			children = (
			);
			path = Frameworks;
			sourceTree = "<group>";
		};
		3AA4439228A2516A0058A067 /* Utils */ = {
			isa = PBXGroup;
			children = (
				3ABBE28B28A0E10E003BDC00 /* ScreenAdapter.h */,
				3ABBE28C28A0E10E003BDC00 /* ScreenAdapter.m */,
				3ABBE28F28A10140003BDC00 /* SplashView.h */,
				3ABBE29028A10140003BDC00 /* SplashView.m */,
				3AA4437928A1FB5F0058A067 /* Mediator.h */,
				3AA4437A28A1FB5F0058A067 /* Mediator.m */,
				3AA4438F28A23FE40058A067 /* Location.h */,
				3AA4439028A23FE40058A067 /* Location.m */,
				3AA4439328A251DE0058A067 /* Notification.h */,
				3AA4439428A251DE0058A067 /* Notification.m */,
				71D73E2928A55C4B004C8D30 /* CommentManager.h */,
				71D73E2A28A55C4B004C8D30 /* CommentManager.m */,
				71BE07AF28B2951A00C41330 /* NSString+TextSize.h */,
				71BE07B028B2951A00C41330 /* NSString+TextSize.m */,
			);
			path = Utils;
			sourceTree = "<group>";
		};
		3AAD386228977C62006D3478 = {
			isa = PBXGroup;
			children = (
				3AAD386D28977C62006D3478 /* SampleApp */,
				3AAD388928977C64006D3478 /* SampleAppTests */,
				3AAD389328977C64006D3478 /* SampleAppUITests */,
				3AAD386C28977C62006D3478 /* Products */,
				F1850B45411A58AA383AFC09 /* Pods */,
				478B472F4831A81AD4EEF18F /* Frameworks */,
			);
			sourceTree = "<group>";
		};
		3AAD386C28977C62006D3478 /* Products */ = {
			isa = PBXGroup;
			children = (
				3AAD386B28977C62006D3478 /* SampleApp.app */,
				3AAD388628977C64006D3478 /* SampleAppTests.xctest */,
				3AAD389028977C64006D3478 /* SampleAppUITests.xctest */,
			);
			name = Products;
			sourceTree = "<group>";
		};
		3AAD386D28977C62006D3478 /* SampleApp */ = {
			isa = PBXGroup;
			children = (
				3AA4439228A2516A0058A067 /* Utils */,
				3AA4437C28A22A940058A067 /* Frameworks */,
				3A90B527289CFF840048F7AE /* Mine */,
				3A90B528289CFFA50048F7AE /* Recommend */,
				3A90B526289CFF420048F7AE /* Video */,
				3A90B525289CFEFC0048F7AE /* News */,
				3A90B529289CFFDA0048F7AE /* OtherView */,
				3A49E1C228BC876400F1ECCA /* Picker */,
				71476C9728B12BF70054573C /* Model */,
				3AAD38A92898B8F5006D3478 /* icon.bundle */,
				3AAD386E28977C62006D3478 /* AppDelegate.h */,
				3AAD386F28977C62006D3478 /* AppDelegate.m */,
				3AAD387128977C62006D3478 /* SceneDelegate.h */,
				3AAD387228977C62006D3478 /* SceneDelegate.m */,
				3AAD38A32897C7AF006D3478 /* Main.storyboard */,
				3AAD387A28977C64006D3478 /* Assets.xcassets */,
				3AAD387C28977C64006D3478 /* LaunchScreen.storyboard */,
				3AAD387F28977C64006D3478 /* Info.plist */,
				71476C9528B12B650054573C /* mockdata.plist */,
				3AAD388028977C64006D3478 /* main.m */,
				7175311928B26E7E00E0C3DA /* messages.plist */,
				71BE07B228B7C6E100C41330 /* AutoLayout.storyboard */,
			);
			path = SampleApp;
			sourceTree = "<group>";
		};
		3AAD388928977C64006D3478 /* SampleAppTests */ = {
			isa = PBXGroup;
			children = (
				3AAD388A28977C64006D3478 /* SampleAppTests.m */,
			);
			path = SampleAppTests;
			sourceTree = "<group>";
		};
		3AAD389328977C64006D3478 /* SampleAppUITests */ = {
			isa = PBXGroup;
			children = (
				3AAD389428977C64006D3478 /* SampleAppUITests.m */,
				3AAD389628977C64006D3478 /* SampleAppUITestsLaunchTests.m */,
			);
			path = SampleAppUITests;
			sourceTree = "<group>";
		};
		478B472F4831A81AD4EEF18F /* Frameworks */ = {
			isa = PBXGroup;
			children = (
				965D0AA0EA2E2A5DFC3AB933 /* libPods-SampleApp.a */,
			);
			name = Frameworks;
			sourceTree = "<group>";
		};
		71476C9728B12BF70054573C /* Model */ = {
			isa = PBXGroup;
			children = (
				71476C9828B12C470054573C /* DataModel.h */,
				71476C9928B12C470054573C /* DataModel.m */,
				7175310E28B252A300E0C3DA /* SAMessage.h */,
				7175310F28B252A300E0C3DA /* SAMessage.m */,
				7175311128B2544300E0C3DA /* SAMessageFrame.h */,
				7175311228B2544300E0C3DA /* SAMessageFrame.m */,
			);
			path = Model;
			sourceTree = "<group>";
		};
		71786D1C289D82D2005C13EC /* Model */ = {
			isa = PBXGroup;
			children = (
				71786D1D289D82F8005C13EC /* ListItem.h */,
				71786D1E289D82F8005C13EC /* ListItem.m */,
			);
			path = Model;
			sourceTree = "<group>";
		};
		F1850B45411A58AA383AFC09 /* Pods */ = {
			isa = PBXGroup;
			children = (
				C35683868B4D8244CAC50C3C /* Pods-SampleApp.debug.xcconfig */,
				123D9E3C5A74594B2F40981D /* Pods-SampleApp.release.xcconfig */,
			);
			path = Pods;
			sourceTree = "<group>";
		};
/* End PBXGroup section */

/* Begin PBXNativeTarget section */
		3AAD386A28977C62006D3478 /* SampleApp */ = {
			isa = PBXNativeTarget;
			buildConfigurationList = 3AAD389A28977C64006D3478 /* Build configuration list for PBXNativeTarget "SampleApp" */;
			buildPhases = (
				9CC6535513180D4C6FD5A361 /* [CP] Check Pods Manifest.lock */,
				3AAD386728977C62006D3478 /* Sources */,
				3AAD386828977C62006D3478 /* Frameworks */,
				3AAD386928977C62006D3478 /* Resources */,
			);
			buildRules = (
			);
			dependencies = (
			);
			name = SampleApp;
			productName = SampleApp;
			productReference = 3AAD386B28977C62006D3478 /* SampleApp.app */;
			productType = "com.apple.product-type.application";
		};
		3AAD388528977C64006D3478 /* SampleAppTests */ = {
			isa = PBXNativeTarget;
			buildConfigurationList = 3AAD389D28977C64006D3478 /* Build configuration list for PBXNativeTarget "SampleAppTests" */;
			buildPhases = (
				3AAD388228977C64006D3478 /* Sources */,
				3AAD388328977C64006D3478 /* Frameworks */,
				3AAD388428977C64006D3478 /* Resources */,
			);
			buildRules = (
			);
			dependencies = (
				3AAD388828977C64006D3478 /* PBXTargetDependency */,
			);
			name = SampleAppTests;
			productName = SampleAppTests;
			productReference = 3AAD388628977C64006D3478 /* SampleAppTests.xctest */;
			productType = "com.apple.product-type.bundle.unit-test";
		};
		3AAD388F28977C64006D3478 /* SampleAppUITests */ = {
			isa = PBXNativeTarget;
			buildConfigurationList = 3AAD38A028977C64006D3478 /* Build configuration list for PBXNativeTarget "SampleAppUITests" */;
			buildPhases = (
				3AAD388C28977C64006D3478 /* Sources */,
				3AAD388D28977C64006D3478 /* Frameworks */,
				3AAD388E28977C64006D3478 /* Resources */,
			);
			buildRules = (
			);
			dependencies = (
				3AAD389228977C64006D3478 /* PBXTargetDependency */,
			);
			name = SampleAppUITests;
			productName = SampleAppUITests;
			productReference = 3AAD389028977C64006D3478 /* SampleAppUITests.xctest */;
			productType = "com.apple.product-type.bundle.ui-testing";
		};
/* End PBXNativeTarget section */

/* Begin PBXProject section */
		3AAD386328977C62006D3478 /* Project object */ = {
			isa = PBXProject;
			attributes = {
				BuildIndependentTargetsInParallel = 1;
				LastUpgradeCheck = 1340;
				TargetAttributes = {
					3AAD386A28977C62006D3478 = {
						CreatedOnToolsVersion = 13.4.1;
					};
					3AAD388528977C64006D3478 = {
						CreatedOnToolsVersion = 13.4.1;
						TestTargetID = 3AAD386A28977C62006D3478;
					};
					3AAD388F28977C64006D3478 = {
						CreatedOnToolsVersion = 13.4.1;
						TestTargetID = 3AAD386A28977C62006D3478;
					};
				};
			};
			buildConfigurationList = 3AAD386628977C62006D3478 /* Build configuration list for PBXProject "SampleApp" */;
			compatibilityVersion = "Xcode 13.0";
			developmentRegion = en;
			hasScannedForEncodings = 0;
			knownRegions = (
				en,
				Base,
			);
			mainGroup = 3AAD386228977C62006D3478;
			productRefGroup = 3AAD386C28977C62006D3478 /* Products */;
			projectDirPath = "";
			projectRoot = "";
			targets = (
				3AAD386A28977C62006D3478 /* SampleApp */,
				3AAD388528977C64006D3478 /* SampleAppTests */,
				3AAD388F28977C64006D3478 /* SampleAppUITests */,
			);
		};
/* End PBXProject section */

/* Begin PBXResourcesBuildPhase section */
		3AAD386928977C62006D3478 /* Resources */ = {
			isa = PBXResourcesBuildPhase;
			buildActionMask = 2147483647;
			files = (
				7175311A28B26E7E00E0C3DA /* messages.plist in Resources */,
				71BE07B328B7C6E100C41330 /* AutoLayout.storyboard in Resources */,
				3AAD38AA2898B8F6006D3478 /* icon.bundle in Resources */,
				3AFFD5E528B3619300A4661A /* Table.storyboard in Resources */,
				3A49E1C428BC87D000F1ECCA /* Picker.storyboard in Resources */,
				3AAD38A52897C7AF006D3478 /* Main.storyboard in Resources */,
				3AAD387E28977C64006D3478 /* LaunchScreen.storyboard in Resources */,
				3A49E1D028BCB1AE00F1ECCA /* PickerItem.xib in Resources */,
				71C74C8E28B14CD000A047EA /* TableFooterView.xib in Resources */,
				71476C9628B12B650054573C /* mockdata.plist in Resources */,
				71476C9F28B13A450054573C /* DataItemCell.xib in Resources */,
				3AAD387B28977C64006D3478 /* Assets.xcassets in Resources */,
			);
			runOnlyForDeploymentPostprocessing = 0;
		};
		3AAD388428977C64006D3478 /* Resources */ = {
			isa = PBXResourcesBuildPhase;
			buildActionMask = 2147483647;
			files = (
			);
			runOnlyForDeploymentPostprocessing = 0;
		};
		3AAD388E28977C64006D3478 /* Resources */ = {
			isa = PBXResourcesBuildPhase;
			buildActionMask = 2147483647;
			files = (
			);
			runOnlyForDeploymentPostprocessing = 0;
		};
/* End PBXResourcesBuildPhase section */

/* Begin PBXShellScriptBuildPhase section */
		9CC6535513180D4C6FD5A361 /* [CP] Check Pods Manifest.lock */ = {
			isa = PBXShellScriptBuildPhase;
			buildActionMask = 2147483647;
			files = (
			);
			inputFileListPaths = (
			);
			inputPaths = (
				"${PODS_PODFILE_DIR_PATH}/Podfile.lock",
				"${PODS_ROOT}/Manifest.lock",
			);
			name = "[CP] Check Pods Manifest.lock";
			outputFileListPaths = (
			);
			outputPaths = (
				"$(DERIVED_FILE_DIR)/Pods-SampleApp-checkManifestLockResult.txt",
			);
			runOnlyForDeploymentPostprocessing = 0;
			shellPath = /bin/sh;
			shellScript = "diff \"${PODS_PODFILE_DIR_PATH}/Podfile.lock\" \"${PODS_ROOT}/Manifest.lock\" > /dev/null\nif [ $? != 0 ] ; then\n    # print error to STDERR\n    echo \"error: The sandbox is not in sync with the Podfile.lock. Run 'pod install' or update your CocoaPods installation.\" >&2\n    exit 1\nfi\n# This output is used by Xcode 'outputs' to avoid re-running this script phase.\necho \"SUCCESS\" > \"${SCRIPT_OUTPUT_FILE_0}\"\n";
			showEnvVarsInLog = 0;
		};
/* End PBXShellScriptBuildPhase section */

/* Begin PBXSourcesBuildPhase section */
		3AAD386728977C62006D3478 /* Sources */ = {
			isa = PBXSourcesBuildPhase;
			buildActionMask = 2147483647;
			files = (
				3ABBE29128A10140003BDC00 /* SplashView.m in Sources */,
				71D73E2B28A55C4B004C8D30 /* CommentManager.m in Sources */,
				3AA4439128A23FE40058A067 /* Location.m in Sources */,
				3A49E1CC28BCA8B500F1ECCA /* PickerItemView.m in Sources */,
				3AAD38BB289A0ED4006D3478 /* SliderViewController.m in Sources */,
				3ABBE28A28A0B0D3003BDC00 /* VideoToolbar.m in Sources */,
				3AA4439528A251DE0058A067 /* Notification.m in Sources */,
				71786D22289EB76A005C13EC /* VideoCoverViewCell.m in Sources */,
				3A90B52D289D01A80048F7AE /* ListLoader.m in Sources */,
				71D2E613289C206100A34394 /* DialogCellView.m in Sources */,
				3AAD38B32898CBC3006D3478 /* MineViewController.m in Sources */,
				3AAD387628977C62006D3478 /* ViewController.m in Sources */,
				71476CA228B13C290054573C /* DataItemCell.m in Sources */,
				71C74C9128B1522500A047EA /* TableFooterView.m in Sources */,
				71BE07AE28B28DC400C41330 /* MessageCell.m in Sources */,
				71476C9A28B12C470054573C /* DataModel.m in Sources */,
				3AA4439828A348690058A067 /* SearchBar.m in Sources */,
				3A49E1C728BC9CA500F1ECCA /* PickerViewController.m in Sources */,
				7175311628B2668E00E0C3DA /* TableView03Controller.m in Sources */,
				3AFFD5E828B36CC500A4661A /* TableView04Controller.m in Sources */,
				7175311328B2544300E0C3DA /* SAMessageFrame.m in Sources */,
				7175311028B252A300E0C3DA /* SAMessage.m in Sources */,
				3AAD387028977C62006D3478 /* AppDelegate.m in Sources */,
				3AAD38A82897D706006D3478 /* NewsViewController.m in Sources */,
				71476C8F28AFF1380054573C /* ImageZoomController.m in Sources */,
				3AD6209828B3826F00437A40 /* GroupHeaderView.m in Sources */,
				3AA4437B28A1FB5F0058A067 /* Mediator.m in Sources */,
				3AAD38B6289917AA006D3478 /* NormalTableViewCell.m in Sources */,
				3AAD38AD2898CA53006D3478 /* VideoViewController.m in Sources */,
				3ABBE28D28A0E10E003BDC00 /* ScreenAdapter.m in Sources */,
				71D2E610289BFF7600A34394 /* DetailViewController.m in Sources */,
				71476C9428B0E28D0054573C /* TableView01Controller.m in Sources */,
				71786D1F289D82F8005C13EC /* ListItem.m in Sources */,
				71786D25289FBC08005C13EC /* VideoPlayer.m in Sources */,
				71BE07B128B2951A00C41330 /* NSString+TextSize.m in Sources */,
				3AAD388128977C64006D3478 /* main.m in Sources */,
				3AAD38B02898CB19006D3478 /* RecommendViewController.m in Sources */,
				71476C9D28B12E380054573C /* TableView02Controller.m in Sources */,
				3AAD387328977C62006D3478 /* SceneDelegate.m in Sources */,
				3AFFD5EB28B36E6F00A4661A /* ItemCellView.m in Sources */,
			);
			runOnlyForDeploymentPostprocessing = 0;
		};
		3AAD388228977C64006D3478 /* Sources */ = {
			isa = PBXSourcesBuildPhase;
			buildActionMask = 2147483647;
			files = (
				3AAD388B28977C64006D3478 /* SampleAppTests.m in Sources */,
			);
			runOnlyForDeploymentPostprocessing = 0;
		};
		3AAD388C28977C64006D3478 /* Sources */ = {
			isa = PBXSourcesBuildPhase;
			buildActionMask = 2147483647;
			files = (
				3AAD389728977C64006D3478 /* SampleAppUITestsLaunchTests.m in Sources */,
				3AAD389528977C64006D3478 /* SampleAppUITests.m in Sources */,
			);
			runOnlyForDeploymentPostprocessing = 0;
		};
/* End PBXSourcesBuildPhase section */

/* Begin PBXTargetDependency section */
		3AAD388828977C64006D3478 /* PBXTargetDependency */ = {
			isa = PBXTargetDependency;
			target = 3AAD386A28977C62006D3478 /* SampleApp */;
			targetProxy = 3AAD388728977C64006D3478 /* PBXContainerItemProxy */;
		};
		3AAD389228977C64006D3478 /* PBXTargetDependency */ = {
			isa = PBXTargetDependency;
			target = 3AAD386A28977C62006D3478 /* SampleApp */;
			targetProxy = 3AAD389128977C64006D3478 /* PBXContainerItemProxy */;
		};
/* End PBXTargetDependency section */

/* Begin PBXVariantGroup section */
		3AAD387C28977C64006D3478 /* LaunchScreen.storyboard */ = {
			isa = PBXVariantGroup;
			children = (
				3AAD387D28977C64006D3478 /* Base */,
			);
			name = LaunchScreen.storyboard;
			sourceTree = "<group>";
		};
		3AAD38A32897C7AF006D3478 /* Main.storyboard */ = {
			isa = PBXVariantGroup;
			children = (
				3AAD38A42897C7AF006D3478 /* Base */,
			);
			name = Main.storyboard;
			sourceTree = "<group>";
		};
/* End PBXVariantGroup section */

/* Begin XCBuildConfiguration section */
		3AAD389828977C64006D3478 /* Debug */ = {
			isa = XCBuildConfiguration;
			buildSettings = {
				ALWAYS_SEARCH_USER_PATHS = NO;
				CLANG_ANALYZER_NONNULL = YES;
				CLANG_ANALYZER_NUMBER_OBJECT_CONVERSION = YES_AGGRESSIVE;
				CLANG_CXX_LANGUAGE_STANDARD = "gnu++17";
				CLANG_ENABLE_MODULES = YES;
				CLANG_ENABLE_OBJC_ARC = YES;
				CLANG_ENABLE_OBJC_WEAK = YES;
				CLANG_WARN_BLOCK_CAPTURE_AUTORELEASING = YES;
				CLANG_WARN_BOOL_CONVERSION = YES;
				CLANG_WARN_COMMA = YES;
				CLANG_WARN_CONSTANT_CONVERSION = YES;
				CLANG_WARN_DEPRECATED_OBJC_IMPLEMENTATIONS = YES;
				CLANG_WARN_DIRECT_OBJC_ISA_USAGE = YES_ERROR;
				CLANG_WARN_DOCUMENTATION_COMMENTS = YES;
				CLANG_WARN_EMPTY_BODY = YES;
				CLANG_WARN_ENUM_CONVERSION = YES;
				CLANG_WARN_INFINITE_RECURSION = YES;
				CLANG_WARN_INT_CONVERSION = YES;
				CLANG_WARN_NON_LITERAL_NULL_CONVERSION = YES;
				CLANG_WARN_OBJC_IMPLICIT_RETAIN_SELF = YES;
				CLANG_WARN_OBJC_LITERAL_CONVERSION = YES;
				CLANG_WARN_OBJC_ROOT_CLASS = YES_ERROR;
				CLANG_WARN_QUOTED_INCLUDE_IN_FRAMEWORK_HEADER = YES;
				CLANG_WARN_RANGE_LOOP_ANALYSIS = YES;
				CLANG_WARN_STRICT_PROTOTYPES = YES;
				CLANG_WARN_SUSPICIOUS_MOVE = YES;
				CLANG_WARN_UNGUARDED_AVAILABILITY = YES_AGGRESSIVE;
				CLANG_WARN_UNREACHABLE_CODE = YES;
				CLANG_WARN__DUPLICATE_METHOD_MATCH = YES;
				COPY_PHASE_STRIP = NO;
				DEBUG_INFORMATION_FORMAT = dwarf;
				ENABLE_STRICT_OBJC_MSGSEND = YES;
				ENABLE_TESTABILITY = YES;
				GCC_C_LANGUAGE_STANDARD = gnu11;
				GCC_DYNAMIC_NO_PIC = NO;
				GCC_NO_COMMON_BLOCKS = YES;
				GCC_OPTIMIZATION_LEVEL = 0;
				GCC_PREPROCESSOR_DEFINITIONS = (
					"DEBUG=1",
					"$(inherited)",
				);
				GCC_WARN_64_TO_32_BIT_CONVERSION = YES;
				GCC_WARN_ABOUT_RETURN_TYPE = YES_ERROR;
				GCC_WARN_UNDECLARED_SELECTOR = YES;
				GCC_WARN_UNINITIALIZED_AUTOS = YES_AGGRESSIVE;
				GCC_WARN_UNUSED_FUNCTION = YES;
				GCC_WARN_UNUSED_VARIABLE = YES;
				IPHONEOS_DEPLOYMENT_TARGET = 15.5;
				MTL_ENABLE_DEBUG_INFO = INCLUDE_SOURCE;
				MTL_FAST_MATH = YES;
				ONLY_ACTIVE_ARCH = YES;
				SDKROOT = iphoneos;
			};
			name = Debug;
		};
		3AAD389928977C64006D3478 /* Release */ = {
			isa = XCBuildConfiguration;
			buildSettings = {
				ALWAYS_SEARCH_USER_PATHS = NO;
				CLANG_ANALYZER_NONNULL = YES;
				CLANG_ANALYZER_NUMBER_OBJECT_CONVERSION = YES_AGGRESSIVE;
				CLANG_CXX_LANGUAGE_STANDARD = "gnu++17";
				CLANG_ENABLE_MODULES = YES;
				CLANG_ENABLE_OBJC_ARC = YES;
				CLANG_ENABLE_OBJC_WEAK = YES;
				CLANG_WARN_BLOCK_CAPTURE_AUTORELEASING = YES;
				CLANG_WARN_BOOL_CONVERSION = YES;
				CLANG_WARN_COMMA = YES;
				CLANG_WARN_CONSTANT_CONVERSION = YES;
				CLANG_WARN_DEPRECATED_OBJC_IMPLEMENTATIONS = YES;
				CLANG_WARN_DIRECT_OBJC_ISA_USAGE = YES_ERROR;
				CLANG_WARN_DOCUMENTATION_COMMENTS = YES;
				CLANG_WARN_EMPTY_BODY = YES;
				CLANG_WARN_ENUM_CONVERSION = YES;
				CLANG_WARN_INFINITE_RECURSION = YES;
				CLANG_WARN_INT_CONVERSION = YES;
				CLANG_WARN_NON_LITERAL_NULL_CONVERSION = YES;
				CLANG_WARN_OBJC_IMPLICIT_RETAIN_SELF = YES;
				CLANG_WARN_OBJC_LITERAL_CONVERSION = YES;
				CLANG_WARN_OBJC_ROOT_CLASS = YES_ERROR;
				CLANG_WARN_QUOTED_INCLUDE_IN_FRAMEWORK_HEADER = YES;
				CLANG_WARN_RANGE_LOOP_ANALYSIS = YES;
				CLANG_WARN_STRICT_PROTOTYPES = YES;
				CLANG_WARN_SUSPICIOUS_MOVE = YES;
				CLANG_WARN_UNGUARDED_AVAILABILITY = YES_AGGRESSIVE;
				CLANG_WARN_UNREACHABLE_CODE = YES;
				CLANG_WARN__DUPLICATE_METHOD_MATCH = YES;
				COPY_PHASE_STRIP = NO;
				DEBUG_INFORMATION_FORMAT = "dwarf-with-dsym";
				ENABLE_NS_ASSERTIONS = NO;
				ENABLE_STRICT_OBJC_MSGSEND = YES;
				GCC_C_LANGUAGE_STANDARD = gnu11;
				GCC_NO_COMMON_BLOCKS = YES;
				GCC_WARN_64_TO_32_BIT_CONVERSION = YES;
				GCC_WARN_ABOUT_RETURN_TYPE = YES_ERROR;
				GCC_WARN_UNDECLARED_SELECTOR = YES;
				GCC_WARN_UNINITIALIZED_AUTOS = YES_AGGRESSIVE;
				GCC_WARN_UNUSED_FUNCTION = YES;
				GCC_WARN_UNUSED_VARIABLE = YES;
				IPHONEOS_DEPLOYMENT_TARGET = 15.5;
				MTL_ENABLE_DEBUG_INFO = NO;
				MTL_FAST_MATH = YES;
				SDKROOT = iphoneos;
				VALIDATE_PRODUCT = YES;
			};
			name = Release;
		};
		3AAD389B28977C64006D3478 /* Debug */ = {
			isa = XCBuildConfiguration;
			baseConfigurationReference = C35683868B4D8244CAC50C3C /* Pods-SampleApp.debug.xcconfig */;
			buildSettings = {
				ASSETCATALOG_COMPILER_APPICON_NAME = AppIcon;
				ASSETCATALOG_COMPILER_GLOBAL_ACCENT_COLOR_NAME = AccentColor;
				ASSETCATALOG_COMPILER_INCLUDE_ALL_APPICON_ASSETS = YES;
				CODE_SIGN_STYLE = Automatic;
				CURRENT_PROJECT_VERSION = 1;
				DEVELOPMENT_TEAM = Q4X5YK9A3D;
				EXCLUDED_ARCHS = "";
				FRAMEWORK_SEARCH_PATHS = (
					"$(inherited)",
					"$(PROJECT_DIR)/SampleApp/Frameworks",
				);
				GENERATE_INFOPLIST_FILE = YES;
				INFOPLIST_FILE = SampleApp/Info.plist;
				INFOPLIST_KEY_UIApplicationSupportsIndirectInputEvents = YES;
				INFOPLIST_KEY_UILaunchStoryboardName = LaunchScreen;
				INFOPLIST_KEY_UIMainStoryboardFile = Main;
				INFOPLIST_KEY_UISupportedInterfaceOrientations_iPad = "UIInterfaceOrientationPortrait UIInterfaceOrientationPortraitUpsideDown UIInterfaceOrientationLandscapeLeft UIInterfaceOrientationLandscapeRight";
				INFOPLIST_KEY_UISupportedInterfaceOrientations_iPhone = "UIInterfaceOrientationPortrait UIInterfaceOrientationLandscapeLeft UIInterfaceOrientationLandscapeRight";
				IPHONEOS_DEPLOYMENT_TARGET = 15.0;
				LD_RUNPATH_SEARCH_PATHS = (
					"$(inherited)",
					"@executable_path/Frameworks",
				);
				MARKETING_VERSION = 1.0;
				PRODUCT_BUNDLE_IDENTIFIER = com.iaosee.SampleApp;
				PRODUCT_NAME = "$(TARGET_NAME)";
				SWIFT_EMIT_LOC_STRINGS = YES;
				TARGETED_DEVICE_FAMILY = "1,2";
			};
			name = Debug;
		};
		3AAD389C28977C64006D3478 /* Release */ = {
			isa = XCBuildConfiguration;
			baseConfigurationReference = 123D9E3C5A74594B2F40981D /* Pods-SampleApp.release.xcconfig */;
			buildSettings = {
				ASSETCATALOG_COMPILER_APPICON_NAME = AppIcon;
				ASSETCATALOG_COMPILER_GLOBAL_ACCENT_COLOR_NAME = AccentColor;
				ASSETCATALOG_COMPILER_INCLUDE_ALL_APPICON_ASSETS = YES;
				CODE_SIGN_STYLE = Automatic;
				CURRENT_PROJECT_VERSION = 1;
				DEVELOPMENT_TEAM = Q4X5YK9A3D;
				EXCLUDED_ARCHS = "";
				FRAMEWORK_SEARCH_PATHS = (
					"$(inherited)",
					"$(PROJECT_DIR)/SampleApp/Frameworks",
				);
				GENERATE_INFOPLIST_FILE = YES;
				INFOPLIST_FILE = SampleApp/Info.plist;
				INFOPLIST_KEY_UIApplicationSupportsIndirectInputEvents = YES;
				INFOPLIST_KEY_UILaunchStoryboardName = LaunchScreen;
				INFOPLIST_KEY_UIMainStoryboardFile = Main;
				INFOPLIST_KEY_UISupportedInterfaceOrientations_iPad = "UIInterfaceOrientationPortrait UIInterfaceOrientationPortraitUpsideDown UIInterfaceOrientationLandscapeLeft UIInterfaceOrientationLandscapeRight";
				INFOPLIST_KEY_UISupportedInterfaceOrientations_iPhone = "UIInterfaceOrientationPortrait UIInterfaceOrientationLandscapeLeft UIInterfaceOrientationLandscapeRight";
				IPHONEOS_DEPLOYMENT_TARGET = 15.0;
				LD_RUNPATH_SEARCH_PATHS = (
					"$(inherited)",
					"@executable_path/Frameworks",
				);
				MARKETING_VERSION = 1.0;
				PRODUCT_BUNDLE_IDENTIFIER = com.iaosee.SampleApp;
				PRODUCT_NAME = "$(TARGET_NAME)";
				SWIFT_EMIT_LOC_STRINGS = YES;
				TARGETED_DEVICE_FAMILY = "1,2";
			};
			name = Release;
		};
		3AAD389E28977C64006D3478 /* Debug */ = {
			isa = XCBuildConfiguration;
			buildSettings = {
				BUNDLE_LOADER = "$(TEST_HOST)";
				CODE_SIGN_STYLE = Automatic;
				CURRENT_PROJECT_VERSION = 1;
				DEVELOPMENT_TEAM = Q4X5YK9A3D;
				GENERATE_INFOPLIST_FILE = YES;
				IPHONEOS_DEPLOYMENT_TARGET = 15.5;
				MARKETING_VERSION = 1.0;
				PRODUCT_BUNDLE_IDENTIFIER = com.iaosee.SampleAppTests;
				PRODUCT_NAME = "$(TARGET_NAME)";
				SWIFT_EMIT_LOC_STRINGS = NO;
				TARGETED_DEVICE_FAMILY = "1,2";
				TEST_HOST = "$(BUILT_PRODUCTS_DIR)/SampleApp.app/SampleApp";
			};
			name = Debug;
		};
		3AAD389F28977C64006D3478 /* Release */ = {
			isa = XCBuildConfiguration;
			buildSettings = {
				BUNDLE_LOADER = "$(TEST_HOST)";
				CODE_SIGN_STYLE = Automatic;
				CURRENT_PROJECT_VERSION = 1;
				DEVELOPMENT_TEAM = Q4X5YK9A3D;
				GENERATE_INFOPLIST_FILE = YES;
				IPHONEOS_DEPLOYMENT_TARGET = 15.5;
				MARKETING_VERSION = 1.0;
				PRODUCT_BUNDLE_IDENTIFIER = com.iaosee.SampleAppTests;
				PRODUCT_NAME = "$(TARGET_NAME)";
				SWIFT_EMIT_LOC_STRINGS = NO;
				TARGETED_DEVICE_FAMILY = "1,2";
				TEST_HOST = "$(BUILT_PRODUCTS_DIR)/SampleApp.app/SampleApp";
			};
			name = Release;
		};
		3AAD38A128977C64006D3478 /* Debug */ = {
			isa = XCBuildConfiguration;
			buildSettings = {
				CODE_SIGN_STYLE = Automatic;
				CURRENT_PROJECT_VERSION = 1;
				DEVELOPMENT_TEAM = Q4X5YK9A3D;
				GENERATE_INFOPLIST_FILE = YES;
				MARKETING_VERSION = 1.0;
				PRODUCT_BUNDLE_IDENTIFIER = com.iaosee.SampleAppUITests;
				PRODUCT_NAME = "$(TARGET_NAME)";
				SWIFT_EMIT_LOC_STRINGS = NO;
				TARGETED_DEVICE_FAMILY = "1,2";
				TEST_TARGET_NAME = SampleApp;
			};
			name = Debug;
		};
		3AAD38A228977C64006D3478 /* Release */ = {
			isa = XCBuildConfiguration;
			buildSettings = {
				CODE_SIGN_STYLE = Automatic;
				CURRENT_PROJECT_VERSION = 1;
				DEVELOPMENT_TEAM = Q4X5YK9A3D;
				GENERATE_INFOPLIST_FILE = YES;
				MARKETING_VERSION = 1.0;
				PRODUCT_BUNDLE_IDENTIFIER = com.iaosee.SampleAppUITests;
				PRODUCT_NAME = "$(TARGET_NAME)";
				SWIFT_EMIT_LOC_STRINGS = NO;
				TARGETED_DEVICE_FAMILY = "1,2";
				TEST_TARGET_NAME = SampleApp;
			};
			name = Release;
		};
/* End XCBuildConfiguration section */

/* Begin XCConfigurationList section */
		3AAD386628977C62006D3478 /* Build configuration list for PBXProject "SampleApp" */ = {
			isa = XCConfigurationList;
			buildConfigurations = (
				3AAD389828977C64006D3478 /* Debug */,
				3AAD389928977C64006D3478 /* Release */,
			);
			defaultConfigurationIsVisible = 0;
			defaultConfigurationName = Release;
		};
		3AAD389A28977C64006D3478 /* Build configuration list for PBXNativeTarget "SampleApp" */ = {
			isa = XCConfigurationList;
			buildConfigurations = (
				3AAD389B28977C64006D3478 /* Debug */,
				3AAD389C28977C64006D3478 /* Release */,
			);
			defaultConfigurationIsVisible = 0;
			defaultConfigurationName = Release;
		};
		3AAD389D28977C64006D3478 /* Build configuration list for PBXNativeTarget "SampleAppTests" */ = {
			isa = XCConfigurationList;
			buildConfigurations = (
				3AAD389E28977C64006D3478 /* Debug */,
				3AAD389F28977C64006D3478 /* Release */,
			);
			defaultConfigurationIsVisible = 0;
			defaultConfigurationName = Release;
		};
		3AAD38A028977C64006D3478 /* Build configuration list for PBXNativeTarget "SampleAppUITests" */ = {
			isa = XCConfigurationList;
			buildConfigurations = (
				3AAD38A128977C64006D3478 /* Debug */,
				3AAD38A228977C64006D3478 /* Release */,
			);
			defaultConfigurationIsVisible = 0;
			defaultConfigurationName = Release;
		};
/* End XCConfigurationList section */
	};
	rootObject = 3AAD386328977C62006D3478 /* Project object */;
}
